
Microsoft Visual Studio Solution File, Format Version 12.00
# Visual Studio Version 17
VisualStudioVersion = 17.3.32922.545
MinimumVisualStudioVersion = 10.0.40219.1
Project("{FAE04EC0-301F-11D3-BF4B-00C04F79EFBC}") = "Fiorello1", "Fiorello1\Fiorello1.csproj", "{5AB31548-02A8-48EE-9239-FD1532055BCA}"
EndProject
Global
	GlobalSection(SolutionConfigurationPlatforms) = preSolution
		Debug|Any CPU = Debug|Any CPU
		Release|Any CPU = Release|Any CPU
	EndGlobalSection
	GlobalSection(ProjectConfigurationPlatforms) = postSolution
		{5AB31548-02A8-48EE-9239-FD1532055BCA}.Debug|Any CPU.ActiveCfg = Debug|Any CPU
		{5AB31548-02A8-48EE-9239-FD1532055BCA}.Debug|Any CPU.Build.0 = Debug|Any CPU
		{5AB31548-02A8-48EE-9239-FD1532055BCA}.Release|Any CPU.ActiveCfg = Release|Any CPU
		{5AB31548-02A8-48EE-9239-FD1532055BCA}.Release|Any CPU.Build.0 = Release|Any CPU
	EndGlobalSection
	GlobalSection(SolutionProperties) = preSolution
		HideSolutionNode = FALSE
	EndGlobalSection
	GlobalSection(ExtensibilityGlobals) = postSolution
		SolutionGuid = {E1616F84-CA79-4D21-92E4-B923B23D0477}
	EndGlobalSection
EndGlobal
